
Microsoft Visual Studio Solution File, Format Version 12.00
# Visual Studio 15
VisualStudioVersion = 15.0.28307.779
MinimumVisualStudioVersion = 10.0.40219.1
Project("{8BC9CEB8-8B4A-11D0-8D11-00A0C91BC942}") = "YHKimEx3_3", "YHKimEx3_3.vcxproj", "{B3E29EF0-3188-40A2-A778-E52B99D970BF}"
EndProject
Global
	GlobalSection(SolutionConfigurationPlatforms) = preSolution
		Debug|x64 = Debug|x64
		Debug|x86 = Debug|x86
		Release|x64 = Release|x64
		Release|x86 = Release|x86
	EndGlobalSection
	GlobalSection(ProjectConfigurationPlatforms) = postSolution
		{B3E29EF0-3188-40A2-A778-E52B99D970BF}.Debug|x64.ActiveCfg = Debug|x64
		{B3E29EF0-3188-40A2-A778-E52B99D970BF}.Debug|x64.Build.0 = Debug|x64
		{B3E29EF0-3188-40A2-A778-E52B99D970BF}.Debug|x86.ActiveCfg = Debug|Win32
		{B3E29EF0-3188-40A2-A778-E52B99D970BF}.Debug|x86.Build.0 = Debug|Win32
		{B3E29EF0-3188-40A2-A778-E52B99D970BF}.Release|x64.ActiveCfg = Release|x64
		{B3E29EF0-3188-40A2-A778-E52B99D970BF}.Release|x64.Build.0 = Release|x64
		{B3E29EF0-3188-40A2-A778-E52B99D970BF}.Release|x86.ActiveCfg = Release|Win32
		{B3E29EF0-3188-40A2-A778-E52B99D970BF}.Release|x86.Build.0 = Release|Win32
	EndGlobalSection
	GlobalSection(SolutionProperties) = preSolution
		HideSolutionNode = FALSE
	EndGlobalSection
	GlobalSection(ExtensibilityGlobals) = postSolution
		SolutionGuid = {736E21AE-F8C2-47E6-81D7-694FB542788C}
	EndGlobalSection
EndGlobal
