
Microsoft Visual Studio Solution File, Format Version 12.00
# Visual Studio 15
VisualStudioVersion = 15.0.28307.779
MinimumVisualStudioVersion = 10.0.40219.1
Project("{8BC9CEB8-8B4A-11D0-8D11-00A0C91BC942}") = "YHKim2_2", "YHKim2_2.vcxproj", "{85FA2B70-283F-4397-98F7-CDC4CF73F4B3}"
EndProject
Global
	GlobalSection(SolutionConfigurationPlatforms) = preSolution
		Debug|x64 = Debug|x64
		Debug|x86 = Debug|x86
		Release|x64 = Release|x64
		Release|x86 = Release|x86
	EndGlobalSection
	GlobalSection(ProjectConfigurationPlatforms) = postSolution
		{85FA2B70-283F-4397-98F7-CDC4CF73F4B3}.Debug|x64.ActiveCfg = Debug|x64
		{85FA2B70-283F-4397-98F7-CDC4CF73F4B3}.Debug|x64.Build.0 = Debug|x64
		{85FA2B70-283F-4397-98F7-CDC4CF73F4B3}.Debug|x86.ActiveCfg = Debug|Win32
		{85FA2B70-283F-4397-98F7-CDC4CF73F4B3}.Debug|x86.Build.0 = Debug|Win32
		{85FA2B70-283F-4397-98F7-CDC4CF73F4B3}.Release|x64.ActiveCfg = Release|x64
		{85FA2B70-283F-4397-98F7-CDC4CF73F4B3}.Release|x64.Build.0 = Release|x64
		{85FA2B70-283F-4397-98F7-CDC4CF73F4B3}.Release|x86.ActiveCfg = Release|Win32
		{85FA2B70-283F-4397-98F7-CDC4CF73F4B3}.Release|x86.Build.0 = Release|Win32
	EndGlobalSection
	GlobalSection(SolutionProperties) = preSolution
		HideSolutionNode = FALSE
	EndGlobalSection
	GlobalSection(ExtensibilityGlobals) = postSolution
		SolutionGuid = {F494F177-2DED-4320-A1DC-29065DEF026F}
	EndGlobalSection
EndGlobal
