
Microsoft Visual Studio Solution File, Format Version 12.00
# Visual Studio 15
VisualStudioVersion = 15.0.28307.779
MinimumVisualStudioVersion = 10.0.40219.1
Project("{8BC9CEB8-8B4A-11D0-8D11-00A0C91BC942}") = "YHKimEx2_1", "YHKimEx2_1.vcxproj", "{1EAA76F2-ED2B-42EA-9381-42EDD37B3089}"
EndProject
Global
	GlobalSection(SolutionConfigurationPlatforms) = preSolution
		Debug|x64 = Debug|x64
		Debug|x86 = Debug|x86
		Release|x64 = Release|x64
		Release|x86 = Release|x86
	EndGlobalSection
	GlobalSection(ProjectConfigurationPlatforms) = postSolution
		{1EAA76F2-ED2B-42EA-9381-42EDD37B3089}.Debug|x64.ActiveCfg = Debug|x64
		{1EAA76F2-ED2B-42EA-9381-42EDD37B3089}.Debug|x64.Build.0 = Debug|x64
		{1EAA76F2-ED2B-42EA-9381-42EDD37B3089}.Debug|x86.ActiveCfg = Debug|Win32
		{1EAA76F2-ED2B-42EA-9381-42EDD37B3089}.Debug|x86.Build.0 = Debug|Win32
		{1EAA76F2-ED2B-42EA-9381-42EDD37B3089}.Release|x64.ActiveCfg = Release|x64
		{1EAA76F2-ED2B-42EA-9381-42EDD37B3089}.Release|x64.Build.0 = Release|x64
		{1EAA76F2-ED2B-42EA-9381-42EDD37B3089}.Release|x86.ActiveCfg = Release|Win32
		{1EAA76F2-ED2B-42EA-9381-42EDD37B3089}.Release|x86.Build.0 = Release|Win32
	EndGlobalSection
	GlobalSection(SolutionProperties) = preSolution
		HideSolutionNode = FALSE
	EndGlobalSection
	GlobalSection(ExtensibilityGlobals) = postSolution
		SolutionGuid = {79721DB4-EFE0-4E45-877E-18C1FA799A0C}
	EndGlobalSection
EndGlobal
