
Microsoft Visual Studio Solution File, Format Version 12.00
# Visual Studio 15
VisualStudioVersion = 15.0.28307.779
MinimumVisualStudioVersion = 10.0.40219.1
Project("{8BC9CEB8-8B4A-11D0-8D11-00A0C91BC942}") = "YHKimTest3", "YHKimTest3.vcxproj", "{A36637D9-F301-4716-BD1E-90E7057F9AFA}"
EndProject
Global
	GlobalSection(SolutionConfigurationPlatforms) = preSolution
		Debug|x64 = Debug|x64
		Debug|x86 = Debug|x86
		Release|x64 = Release|x64
		Release|x86 = Release|x86
	EndGlobalSection
	GlobalSection(ProjectConfigurationPlatforms) = postSolution
		{A36637D9-F301-4716-BD1E-90E7057F9AFA}.Debug|x64.ActiveCfg = Debug|x64
		{A36637D9-F301-4716-BD1E-90E7057F9AFA}.Debug|x64.Build.0 = Debug|x64
		{A36637D9-F301-4716-BD1E-90E7057F9AFA}.Debug|x86.ActiveCfg = Debug|Win32
		{A36637D9-F301-4716-BD1E-90E7057F9AFA}.Debug|x86.Build.0 = Debug|Win32
		{A36637D9-F301-4716-BD1E-90E7057F9AFA}.Release|x64.ActiveCfg = Release|x64
		{A36637D9-F301-4716-BD1E-90E7057F9AFA}.Release|x64.Build.0 = Release|x64
		{A36637D9-F301-4716-BD1E-90E7057F9AFA}.Release|x86.ActiveCfg = Release|Win32
		{A36637D9-F301-4716-BD1E-90E7057F9AFA}.Release|x86.Build.0 = Release|Win32
	EndGlobalSection
	GlobalSection(SolutionProperties) = preSolution
		HideSolutionNode = FALSE
	EndGlobalSection
	GlobalSection(ExtensibilityGlobals) = postSolution
		SolutionGuid = {125C0774-8BA4-4A7F-8030-AF04AB64013F}
	EndGlobalSection
EndGlobal
