
Microsoft Visual Studio Solution File, Format Version 12.00
# Visual Studio 15
VisualStudioVersion = 15.0.28307.902
MinimumVisualStudioVersion = 10.0.40219.1
Project("{8BC9CEB8-8B4A-11D0-8D11-00A0C91BC942}") = "YHKimThread", "YHKimThread.vcxproj", "{F98A0024-BAB0-468E-B16F-962C7F523367}"
EndProject
Global
	GlobalSection(SolutionConfigurationPlatforms) = preSolution
		Debug|x64 = Debug|x64
		Debug|x86 = Debug|x86
		Release|x64 = Release|x64
		Release|x86 = Release|x86
	EndGlobalSection
	GlobalSection(ProjectConfigurationPlatforms) = postSolution
		{F98A0024-BAB0-468E-B16F-962C7F523367}.Debug|x64.ActiveCfg = Debug|x64
		{F98A0024-BAB0-468E-B16F-962C7F523367}.Debug|x64.Build.0 = Debug|x64
		{F98A0024-BAB0-468E-B16F-962C7F523367}.Debug|x86.ActiveCfg = Debug|Win32
		{F98A0024-BAB0-468E-B16F-962C7F523367}.Debug|x86.Build.0 = Debug|Win32
		{F98A0024-BAB0-468E-B16F-962C7F523367}.Release|x64.ActiveCfg = Release|x64
		{F98A0024-BAB0-468E-B16F-962C7F523367}.Release|x64.Build.0 = Release|x64
		{F98A0024-BAB0-468E-B16F-962C7F523367}.Release|x86.ActiveCfg = Release|Win32
		{F98A0024-BAB0-468E-B16F-962C7F523367}.Release|x86.Build.0 = Release|Win32
	EndGlobalSection
	GlobalSection(SolutionProperties) = preSolution
		HideSolutionNode = FALSE
	EndGlobalSection
	GlobalSection(ExtensibilityGlobals) = postSolution
		SolutionGuid = {0C55E0CC-0255-4E4A-ABF6-2A12B50BC86E}
	EndGlobalSection
EndGlobal
